
Microsoft Visual Studio Solution File, Format Version 12.00
# Visual Studio Version 16
VisualStudioVersion = 16.0.28803.202
MinimumVisualStudioVersion = 10.0.40219.1
Project("{FAE04EC0-301F-11D3-BF4B-00C04F79EFBC}") = "ConvexHull", "ConvexHull\ConvexHull.csproj", "{1DC16148-C448-4600-A5D1-8F0350E8ED9D}"
EndProject
Global
	GlobalSection(SolutionConfigurationPlatforms) = preSolution
		Debug|Any CPU = Debug|Any CPU
		Release|Any CPU = Release|Any CPU
	EndGlobalSection
	GlobalSection(ProjectConfigurationPlatforms) = postSolution
		{1DC16148-C448-4600-A5D1-8F0350E8ED9D}.Debug|Any CPU.ActiveCfg = Debug|Any CPU
		{1DC16148-C448-4600-A5D1-8F0350E8ED9D}.Debug|Any CPU.Build.0 = Debug|Any CPU
		{1DC16148-C448-4600-A5D1-8F0350E8ED9D}.Release|Any CPU.ActiveCfg = Release|Any CPU
		{1DC16148-C448-4600-A5D1-8F0350E8ED9D}.Release|Any CPU.Build.0 = Release|Any CPU
	EndGlobalSection
	GlobalSection(SolutionProperties) = preSolution
		HideSolutionNode = FALSE
	EndGlobalSection
	GlobalSection(ExtensibilityGlobals) = postSolution
		SolutionGuid = {786543C3-BBC6-4E8A-A4E6-0C62D9139C14}
	EndGlobalSection
EndGlobal
